{
  "version": 4,
  "terraform_version": "1.4.2",
  "serial": 42,
  "lineage": "a5eb068d-6eb0-9745-5be4-3e94fe337bec",
  "outputs": {
    "public-ips": {
      "value": {
        "dev": "44.201.250.24",
        "master": "44.203.136.99",
        "qa": "44.198.50.253"
      },
      "type": [
        "object",
        {
          "dev": "string",
          "master": "string",
          "qa": "string"
        }
      ]
    },
    "ssh-command": {
      "value": {
        "dev": "ssh -i keypair.pem ec2-user@ec2-44-201-250-24.compute-1.amazonaws.com",
        "master": "ssh -i keypair.pem ec2-user@ec2-44-203-136-99.compute-1.amazonaws.com",
        "qa": "ssh -i keypair.pem ec2-user@ec2-44-198-50-253.compute-1.amazonaws.com"
      },
      "type": [
        "object",
        {
          "dev": "string",
          "master": "string",
          "qa": "string"
        }
      ]
    }
  },
  "resources": [
    {
      "mode": "data",
      "type": "aws_ami",
      "name": "amazon-2",
      "provider": "provider[\"registry.terraform.io/hashicorp/aws\"]",
      "instances": [
        {
          "schema_version": 0,
          "attributes": {
            "architecture": "x86_64",
            "arn": "arn:aws:ec2:us-east-1::image/ami-0c0b64a9581ada01f",
            "block_device_mappings": [
              {
                "device_name": "/dev/xvda",
                "ebs": {
                  "delete_on_termination": "true",
                  "encrypted": "false",
                  "iops": "0",
                  "snapshot_id": "snap-0bb1cf97496cb5f88",
                  "throughput": "0",
                  "volume_size": "8",
                  "volume_type": "standard"
                },
                "no_device": "",
                "virtual_name": ""
              }
            ],
            "boot_mode": "",
            "creation_date": "2023-05-05T19:26:23.000Z",
            "deprecation_time": "2025-05-05T19:26:23.000Z",
            "description": "Amazon Linux 2 AMI 2.0.20230504.1 x86_64 HVM ebs",
            "ena_support": true,
            "executable_users": null,
            "filter": [
              {
                "name": "name",
                "values": [
                  "amzn2-ami-hvm-*-x86_64-ebs"
                ]
              }
            ],
            "hypervisor": "xen",
            "id": "ami-0c0b64a9581ada01f",
            "image_id": "ami-0c0b64a9581ada01f",
            "image_location": "amazon/amzn2-ami-hvm-2.0.20230504.1-x86_64-ebs",
            "image_owner_alias": "amazon",
            "image_type": "machine",
            "imds_support": "",
            "include_deprecated": false,
            "kernel_id": "",
            "most_recent": true,
            "name": "amzn2-ami-hvm-2.0.20230504.1-x86_64-ebs",
            "name_regex": null,
            "owner_id": "137112412989",
            "owners": [
              "amazon"
            ],
            "platform": "",
            "platform_details": "Linux/UNIX",
            "product_codes": [],
            "public": true,
            "ramdisk_id": "",
            "root_device_name": "/dev/xvda",
            "root_device_type": "ebs",
            "root_snapshot_id": "snap-0bb1cf97496cb5f88",
            "sriov_net_support": "simple",
            "state": "available",
            "state_reason": {
              "code": "UNSET",
              "message": "UNSET"
            },
            "tags": {},
            "timeouts": null,
            "tpm_support": "",
            "usage_operation": "RunInstances",
            "virtualization_type": "hvm"
          },
          "sensitive_attributes": []
        }
      ]
    },
    {
      "mode": "managed",
      "type": "aws_default_vpc",
      "name": "default_vpc",
      "provider": "provider[\"registry.terraform.io/hashicorp/aws\"]",
      "instances": [
        {
          "schema_version": 1,
          "attributes": {
            "arn": "arn:aws:ec2:us-east-1:247297934540:vpc/vpc-022e5d1a0a5660c34",
            "assign_generated_ipv6_cidr_block": false,
            "cidr_block": "172.31.0.0/16",
            "default_network_acl_id": "acl-00c642221201c7b32",
            "default_route_table_id": "rtb-003a71245fe6113e9",
            "default_security_group_id": "sg-0224eae1005621676",
            "dhcp_options_id": "dopt-0aa6122fa41585a09",
            "enable_classiclink": false,
            "enable_classiclink_dns_support": false,
            "enable_dns_hostnames": true,
            "enable_dns_support": true,
            "enable_network_address_usage_metrics": false,
            "existing_default_vpc": true,
            "force_destroy": false,
            "id": "vpc-022e5d1a0a5660c34",
            "instance_tenancy": "default",
            "ipv6_association_id": "",
            "ipv6_cidr_block": "",
            "ipv6_cidr_block_network_border_group": "",
            "ipv6_ipam_pool_id": "",
            "ipv6_netmask_length": 0,
            "main_route_table_id": "rtb-003a71245fe6113e9",
            "owner_id": "247297934540",
            "tags": null,
            "tags_all": {}
          },
          "sensitive_attributes": [],
          "private": "eyJzY2hlbWFfdmVyc2lvbiI6IjEifQ=="
        }
      ]
    },
    {
      "mode": "managed",
      "type": "aws_key_pair",
      "name": "ec2_key",
      "provider": "provider[\"registry.terraform.io/hashicorp/aws\"]",
      "instances": [
        {
          "schema_version": 1,
          "attributes": {
            "arn": "arn:aws:ec2:us-east-1:247297934540:key-pair/keypair1",
            "fingerprint": "2a:c0:36:fe:dd:00:0b:71:27:55:4c:9b:b4:da:34:f3",
            "id": "keypair1",
            "key_name": "keypair1",
            "key_name_prefix": "",
            "key_pair_id": "key-0962cdae4405de254",
            "key_type": "rsa",
            "public_key": "ssh-rsa AAAAB3NzaC1yc2EAAAADAQABAAABAQDoZXVSZcjGrzhxObDFKN930DRTpoTfzEGGmEynTlpFFl0H2HaScizGGbq9cM1J+Kz2L7FFJGe7YYpXu8rBRGwe6Hii29tbmZQqUlpJbS1DySaw1RAwiOiOh+NYMYaoha0W2xMxGw95w9w900WtkoGTlgIQgQwyshEntzsJ5NiniV39e9mzkoX2qpf+j5MTwp2g2xBA4rsGGNMtdj71TZdQA4RcvLTFhdSx4syqARQ0iwCfs9FB6N0omda/mY8On90C27AWCBZksOSWNFNieXBWieZU1edHWrTrqkVIqZ5QtoZ8n9rpNY5oewWjxg+yEEKmNZglFqns0Nl+Q5RzbIot",
            "tags": null,
            "tags_all": {}
          },
          "sensitive_attributes": [],
          "private": "eyJzY2hlbWFfdmVyc2lvbiI6IjEifQ==",
          "dependencies": [
            "tls_private_key.ec2_key"
          ]
        }
      ]
    },
    {
      "mode": "managed",
      "type": "aws_security_group",
      "name": "web-sg",
      "provider": "provider[\"registry.terraform.io/hashicorp/aws\"]",
      "instances": [
        {
          "schema_version": 1,
          "attributes": {
            "arn": "arn:aws:ec2:us-east-1:247297934540:security-group/sg-06762f13cf13504c5",
            "description": "Allow ssh inbound traffic",
            "egress": [
              {
                "cidr_blocks": [
                  "0.0.0.0/0"
                ],
                "description": "",
                "from_port": 0,
                "ipv6_cidr_blocks": [],
                "prefix_list_ids": [],
                "protocol": "-1",
                "security_groups": [],
                "self": false,
                "to_port": 0
              }
            ],
            "id": "sg-06762f13cf13504c5",
            "ingress": [
              {
                "cidr_blocks": [
                  "0.0.0.0/0"
                ],
                "description": "http port",
                "from_port": 80,
                "ipv6_cidr_blocks": [],
                "prefix_list_ids": [],
                "protocol": "tcp",
                "security_groups": [],
                "self": false,
                "to_port": 80
              },
              {
                "cidr_blocks": [
                  "0.0.0.0/0"
                ],
                "description": "ssh from VPC",
                "from_port": 22,
                "ipv6_cidr_blocks": [],
                "prefix_list_ids": [],
                "protocol": "tcp",
                "security_groups": [],
                "self": false,
                "to_port": 22
              }
            ],
            "name": "ansible-Web-SG",
            "name_prefix": "",
            "owner_id": "247297934540",
            "revoke_rules_on_delete": false,
            "tags": {
              "Name": "ansible-Web-SG"
            },
            "tags_all": {
              "Name": "ansible-Web-SG"
            },
            "timeouts": null,
            "vpc_id": "vpc-022e5d1a0a5660c34"
          },
          "sensitive_attributes": [],
          "private": "eyJlMmJmYjczMC1lY2FhLTExZTYtOGY4OC0zNDM2M2JjN2M0YzAiOnsiY3JlYXRlIjo2MDAwMDAwMDAwMDAsImRlbGV0ZSI6OTAwMDAwMDAwMDAwfSwic2NoZW1hX3ZlcnNpb24iOiIxIn0=",
          "dependencies": [
            "aws_default_vpc.default_vpc"
          ]
        }
      ]
    },
    {
      "mode": "managed",
      "type": "local_file",
      "name": "ssh_key",
      "provider": "provider[\"registry.terraform.io/hashicorp/local\"]",
      "instances": [
        {
          "schema_version": 0,
          "attributes": {
            "content": "-----BEGIN RSA PRIVATE KEY-----\nMIIEpAIBAAKCAQEA6GV1UmXIxq84cTmwxSjfd9A0U6aE38xBhphMp05aRRZdB9h2\nknIsxhm6vXDNSfis9i+xRSRnu2GKV7vKwURsHuh4otvbW5mUKlJaSW0tQ8kmsNUQ\nMIjojofjWDGGqIWtFtsTMRsPecPcPdNFrZKBk5YCEIEMMrIRJ7c7CeTYp4ld/XvZ\ns5KF9qqX/o+TE8KdoNsQQOK7BhjTLXY+9U2XUAOEXLy0xYXUseLMqgEUNIsAn7PR\nQejdKJnWv5mPDp/dAtuwFggWZLDkljRTYnlwVonmVNXnR1q066pFSKmeULaGfJ/a\n6TWOaHsFo8YPshBCpjWYJRap7NDZfkOUc2yKLQIDAQABAoIBAQCRP8B5NHatf5x2\nYAlU4PvyxaW+1qfbvK0Ds7LNKtKOtbCFk8xgMY48bp5hgtw8LHnmEN7qCRvwaMFv\nnkbWTq6JDuE/YMyUTsPlQ718gQk2gcV15mUNALThSJtWZvXz5EDPtTMkkPY2M602\n0xKMrrHgDXTS3eVC1jqUqRf0Uhz7cFXsa/FHo/GYvkqRS3DNqk1ncFr7OadxOLe+\nLzdbrfzfYWrf7hPGhrQ/kZMZAhxBgqfL53oXXEs8023RZ0umLIw/hcM6Ae508IoM\ng4fRXLfYXNxs7jwXMGPll1Tu9jIbCWrwYM1obaKLyTuoAqxpwkT0uzggsPJ6IQcp\n93wVkqkBAoGBAPEom5QtHxgT7z79KRjZNzi3+lipFWHdfDv9lBJ4bPh72NqFcM2f\ng8aCICht9S8oedt9PDCiLH8/HBqvijugoHpBvlNEVBRjA6u+AqI3kxIvtoSVHCM3\np9CFujHzX6cK1T4vIU0geS2cO/u2rP2juQenpVKgJM/dOWIKFDVBDN5tAoGBAPay\nzX+4WsJ152g7kU0BDsjHEVA3hO7xeXqp0Xofwj+8K/MGSHxw6NHns2AQVwj0cwjU\n8t/cZpJKknYaXXrbZmMJABiaf0zLA/hSHM2RS0Uwc8qvZzYktTEL43j4+++nJ9ZM\n7vifsvdMO2Rw8VGgc6ASuxCtaxQ75/tIK2i9bALBAoGAFOxHA0Ye6oHgQgDI7gT6\ni4s6xzJ0Tnde7f2EOU4FdlGYcO0e6lgqoLBthdR0b1D9sZNeA4IuhiO9lnsgbSf0\nhGbr0mGdQd+NU/s6U0SrF+rX1Qzy0gNkJe1USD0rUVzZP3nrU7u7h7+EXMRuodrw\nlL9w0oheaUJyVhU1x6ELMskCgYAg0RxBFzcLkz+bQAFOKwvabZDCCQCoAHtWc+yn\nwD3I2LFH/Nf7pdFyys2zw7iwOkRrMli0qs8COuVMzKkOxMzT88iNfU/d2UvH5rRq\nLB/FLnLYzYh/TVbFFX3HA+gPsz67ZTSM4kGeYAeujs+rOhrnelZkG42Y/XcYmDse\nDcSmgQKBgQDjKdEQgsUEdQE/mAtn7jdalwmZCy8j5PAhsBIDwUmKn6PzfL3xS6Hu\nIJAQQCcK8HEyn0A48zBHi2O7OZ0LOGc4gyB9Uw3TMt5/Pf6PMI+kh7Jx/MwadiSk\nZF2kaYIJbqmdjaPmoG9lGTEjFx1qqjRrOqQl6bXjmll9lAnUNrINxQ==\n-----END RSA PRIVATE KEY-----\n",
            "content_base64": null,
            "content_base64sha256": "Hyq6RX170UQ9oM257KN7gR6fyhKXZWuYAYlTI+/Ok0E=",
            "content_base64sha512": "Ni+VmH3lwGatrlbtK7yqfrXIq8dWn9EaDIzvykBVy/lqHqxKL/Wk5T7dSGBMMVZDHpUZ2AMaPaQDLlqKiTCwlw==",
            "content_md5": "12741652c15890fd2e462193ba7cada4",
            "content_sha1": "60bf613dc38ec65f9bbdcbd4dcdb930207cc953d",
            "content_sha256": "1f2aba457d7bd1443da0cdb9eca37b811e9fca1297656b9801895323efce9341",
            "content_sha512": "362f95987de5c066adae56ed2bbcaa7eb5c8abc7569fd11a0c8cefca4055cbf96a1eac4a2ff5a4e53edd48604c3156431e9519d8031a3da4032e5a8a8930b097",
            "directory_permission": "0777",
            "file_permission": "0777",
            "filename": "keypair.pem",
            "id": "60bf613dc38ec65f9bbdcbd4dcdb930207cc953d",
            "sensitive_content": null,
            "source": null
          },
          "sensitive_attributes": [
            [
              {
                "type": "get_attr",
                "value": "content"
              }
            ]
          ],
          "dependencies": [
            "tls_private_key.ec2_key"
          ]
        }
      ]
    },
    {
      "mode": "managed",
      "type": "null_resource",
      "name": "copy_ssh_key",
      "provider": "provider[\"registry.terraform.io/hashicorp/null\"]",
      "instances": [
        {
          "schema_version": 0,
          "attributes": {
            "id": "3583523832402306696",
            "triggers": null
          },
          "sensitive_attributes": [],
          "dependencies": [
            "aws_default_vpc.default_vpc",
            "aws_key_pair.ec2_key",
            "aws_security_group.web-sg",
            "data.aws_ami.amazon-2",
            "module.ec2_instance.aws_iam_instance_profile.this",
            "module.ec2_instance.aws_iam_role.this",
            "module.ec2_instance.aws_iam_role_policy_attachment.this",
            "module.ec2_instance.aws_instance.ignore_ami",
            "module.ec2_instance.aws_instance.this",
            "module.ec2_instance.aws_spot_instance_request.this",
            "module.ec2_instance.data.aws_iam_policy_document.assume_role_policy",
            "module.ec2_instance.data.aws_partition.current",
            "module.ec2_instance.data.aws_ssm_parameter.this",
            "tls_private_key.ec2_key"
          ]
        }
      ]
    },
    {
      "mode": "managed",
      "type": "tls_private_key",
      "name": "ec2_key",
      "provider": "provider[\"registry.terraform.io/hashicorp/tls\"]",
      "instances": [
        {
          "schema_version": 1,
          "attributes": {
            "algorithm": "RSA",
            "ecdsa_curve": "P224",
            "id": "69a9b5330f41177831afe823761b36eb981bedea",
            "private_key_openssh": "-----BEGIN OPENSSH PRIVATE KEY-----\nb3BlbnNzaC1rZXktdjEAAAAABG5vbmUAAAAEbm9uZQAAAAAAAAABAAABFwAAAAdz\nc2gtcnNhAAAAAwEAAQAAAQEA6GV1UmXIxq84cTmwxSjfd9A0U6aE38xBhphMp05a\nRRZdB9h2knIsxhm6vXDNSfis9i+xRSRnu2GKV7vKwURsHuh4otvbW5mUKlJaSW0t\nQ8kmsNUQMIjojofjWDGGqIWtFtsTMRsPecPcPdNFrZKBk5YCEIEMMrIRJ7c7CeTY\np4ld/XvZs5KF9qqX/o+TE8KdoNsQQOK7BhjTLXY+9U2XUAOEXLy0xYXUseLMqgEU\nNIsAn7PRQejdKJnWv5mPDp/dAtuwFggWZLDkljRTYnlwVonmVNXnR1q066pFSKme\nULaGfJ/a6TWOaHsFo8YPshBCpjWYJRap7NDZfkOUc2yKLQAAA7iPpKLCj6SiwgAA\nAAdzc2gtcnNhAAABAQDoZXVSZcjGrzhxObDFKN930DRTpoTfzEGGmEynTlpFFl0H\n2HaScizGGbq9cM1J+Kz2L7FFJGe7YYpXu8rBRGwe6Hii29tbmZQqUlpJbS1DySaw\n1RAwiOiOh+NYMYaoha0W2xMxGw95w9w900WtkoGTlgIQgQwyshEntzsJ5NiniV39\ne9mzkoX2qpf+j5MTwp2g2xBA4rsGGNMtdj71TZdQA4RcvLTFhdSx4syqARQ0iwCf\ns9FB6N0omda/mY8On90C27AWCBZksOSWNFNieXBWieZU1edHWrTrqkVIqZ5QtoZ8\nn9rpNY5oewWjxg+yEEKmNZglFqns0Nl+Q5RzbIotAAAAAwEAAQAAAQEAkT/AeTR2\nrX+cdmAJVOD78sWlvtan27ytA7OyzSrSjrWwhZPMYDGOPG6eYYLcPCx55hDe6gkb\n8GjBb55G1k6uiQ7hP2DMlE7D5UO9fIEJNoHFdeZlDQC04UibVmb18+RAz7UzJJD2\nNjOtNtMSjK6x4A100t3lQtY6lKkX9FIc+3BV7GvxR6PxmL5KkUtwzapNZ3Ba+zmn\ncTi3vi83W63832Fq3+4Txoa0P5GTGQIcQYKny+d6F1xLPNNt0WdLpiyMP4XDOgHu\ndPCKDIOH0Vy32FzcbO48FzBj5ZdU7vYyGwlq8GDNaG2ii8k7qAKsacJE9Ls4ILDy\neiEHKfd8FZKpAQAAAIEA4ynREILFBHUBP5gLZ+43WpcJmQsvI+TwIbASA8FJip+j\n83y98Uuh7iCQEEAnCvBxMp9AOPMwR4tjuzmdCzhnOIMgfVMN0zLefz3+jzCPpIey\ncfzMGnYkpGRdpGmCCW6pnY2j5qBvZRkxIxcdaqo0azqkJem145pZfZQJ1DayDcUA\nAACBAPEom5QtHxgT7z79KRjZNzi3+lipFWHdfDv9lBJ4bPh72NqFcM2fg8aCICht\n9S8oedt9PDCiLH8/HBqvijugoHpBvlNEVBRjA6u+AqI3kxIvtoSVHCM3p9CFujHz\nX6cK1T4vIU0geS2cO/u2rP2juQenpVKgJM/dOWIKFDVBDN5tAAAAgQD2ss1/uFrC\ndedoO5FNAQ7IxxFQN4Tu8Xl6qdF6H8I/vCvzBkh8cOjR57NgEFcI9HMI1PLf3GaS\nSpJ2Gl1622ZjCQAYmn9MywP4UhzNkUtFMHPKr2c2JLUxC+N4+PvvpyfWTO74n7L3\nTDtkcPFRoHOgErsQrWsUO+f7SCtovWwCwQAAAAAB\n-----END OPENSSH PRIVATE KEY-----\n",
            "private_key_pem": "-----BEGIN RSA PRIVATE KEY-----\nMIIEpAIBAAKCAQEA6GV1UmXIxq84cTmwxSjfd9A0U6aE38xBhphMp05aRRZdB9h2\nknIsxhm6vXDNSfis9i+xRSRnu2GKV7vKwURsHuh4otvbW5mUKlJaSW0tQ8kmsNUQ\nMIjojofjWDGGqIWtFtsTMRsPecPcPdNFrZKBk5YCEIEMMrIRJ7c7CeTYp4ld/XvZ\ns5KF9qqX/o+TE8KdoNsQQOK7BhjTLXY+9U2XUAOEXLy0xYXUseLMqgEUNIsAn7PR\nQejdKJnWv5mPDp/dAtuwFggWZLDkljRTYnlwVonmVNXnR1q066pFSKmeULaGfJ/a\n6TWOaHsFo8YPshBCpjWYJRap7NDZfkOUc2yKLQIDAQABAoIBAQCRP8B5NHatf5x2\nYAlU4PvyxaW+1qfbvK0Ds7LNKtKOtbCFk8xgMY48bp5hgtw8LHnmEN7qCRvwaMFv\nnkbWTq6JDuE/YMyUTsPlQ718gQk2gcV15mUNALThSJtWZvXz5EDPtTMkkPY2M602\n0xKMrrHgDXTS3eVC1jqUqRf0Uhz7cFXsa/FHo/GYvkqRS3DNqk1ncFr7OadxOLe+\nLzdbrfzfYWrf7hPGhrQ/kZMZAhxBgqfL53oXXEs8023RZ0umLIw/hcM6Ae508IoM\ng4fRXLfYXNxs7jwXMGPll1Tu9jIbCWrwYM1obaKLyTuoAqxpwkT0uzggsPJ6IQcp\n93wVkqkBAoGBAPEom5QtHxgT7z79KRjZNzi3+lipFWHdfDv9lBJ4bPh72NqFcM2f\ng8aCICht9S8oedt9PDCiLH8/HBqvijugoHpBvlNEVBRjA6u+AqI3kxIvtoSVHCM3\np9CFujHzX6cK1T4vIU0geS2cO/u2rP2juQenpVKgJM/dOWIKFDVBDN5tAoGBAPay\nzX+4WsJ152g7kU0BDsjHEVA3hO7xeXqp0Xofwj+8K/MGSHxw6NHns2AQVwj0cwjU\n8t/cZpJKknYaXXrbZmMJABiaf0zLA/hSHM2RS0Uwc8qvZzYktTEL43j4+++nJ9ZM\n7vifsvdMO2Rw8VGgc6ASuxCtaxQ75/tIK2i9bALBAoGAFOxHA0Ye6oHgQgDI7gT6\ni4s6xzJ0Tnde7f2EOU4FdlGYcO0e6lgqoLBthdR0b1D9sZNeA4IuhiO9lnsgbSf0\nhGbr0mGdQd+NU/s6U0SrF+rX1Qzy0gNkJe1USD0rUVzZP3nrU7u7h7+EXMRuodrw\nlL9w0oheaUJyVhU1x6ELMskCgYAg0RxBFzcLkz+bQAFOKwvabZDCCQCoAHtWc+yn\nwD3I2LFH/Nf7pdFyys2zw7iwOkRrMli0qs8COuVMzKkOxMzT88iNfU/d2UvH5rRq\nLB/FLnLYzYh/TVbFFX3HA+gPsz67ZTSM4kGeYAeujs+rOhrnelZkG42Y/XcYmDse\nDcSmgQKBgQDjKdEQgsUEdQE/mAtn7jdalwmZCy8j5PAhsBIDwUmKn6PzfL3xS6Hu\nIJAQQCcK8HEyn0A48zBHi2O7OZ0LOGc4gyB9Uw3TMt5/Pf6PMI+kh7Jx/MwadiSk\nZF2kaYIJbqmdjaPmoG9lGTEjFx1qqjRrOqQl6bXjmll9lAnUNrINxQ==\n-----END RSA PRIVATE KEY-----\n",
            "private_key_pem_pkcs8": "-----BEGIN PRIVATE KEY-----\nMIIEvgIBADANBgkqhkiG9w0BAQEFAASCBKgwggSkAgEAAoIBAQDoZXVSZcjGrzhx\nObDFKN930DRTpoTfzEGGmEynTlpFFl0H2HaScizGGbq9cM1J+Kz2L7FFJGe7YYpX\nu8rBRGwe6Hii29tbmZQqUlpJbS1DySaw1RAwiOiOh+NYMYaoha0W2xMxGw95w9w9\n00WtkoGTlgIQgQwyshEntzsJ5NiniV39e9mzkoX2qpf+j5MTwp2g2xBA4rsGGNMt\ndj71TZdQA4RcvLTFhdSx4syqARQ0iwCfs9FB6N0omda/mY8On90C27AWCBZksOSW\nNFNieXBWieZU1edHWrTrqkVIqZ5QtoZ8n9rpNY5oewWjxg+yEEKmNZglFqns0Nl+\nQ5RzbIotAgMBAAECggEBAJE/wHk0dq1/nHZgCVTg+/LFpb7Wp9u8rQOzss0q0o61\nsIWTzGAxjjxunmGC3DwseeYQ3uoJG/BowW+eRtZOrokO4T9gzJROw+VDvXyBCTaB\nxXXmZQ0AtOFIm1Zm9fPkQM+1MySQ9jYzrTbTEoyuseANdNLd5ULWOpSpF/RSHPtw\nVexr8Uej8Zi+SpFLcM2qTWdwWvs5p3E4t74vN1ut/N9hat/uE8aGtD+RkxkCHEGC\np8vnehdcSzzTbdFnS6YsjD+FwzoB7nTwigyDh9Fct9hc3GzuPBcwY+WXVO72MhsJ\navBgzWhtoovJO6gCrGnCRPS7OCCw8nohByn3fBWSqQECgYEA8SiblC0fGBPvPv0p\nGNk3OLf6WKkVYd18O/2UEnhs+HvY2oVwzZ+DxoIgKG31Lyh52308MKIsfz8cGq+K\nO6CgekG+U0RUFGMDq74CojeTEi+2hJUcIzen0IW6MfNfpwrVPi8hTSB5LZw7+7as\n/aO5B6elUqAkz905YgoUNUEM3m0CgYEA9rLNf7hawnXnaDuRTQEOyMcRUDeE7vF5\neqnReh/CP7wr8wZIfHDo0eezYBBXCPRzCNTy39xmkkqSdhpdettmYwkAGJp/TMsD\n+FIczZFLRTBzyq9nNiS1MQvjePj776cn1kzu+J+y90w7ZHDxUaBzoBK7EK1rFDvn\n+0graL1sAsECgYAU7EcDRh7qgeBCAMjuBPqLizrHMnROd17t/YQ5TgV2UZhw7R7q\nWCqgsG2F1HRvUP2xk14Dgi6GI72WeyBtJ/SEZuvSYZ1B341T+zpTRKsX6tfVDPLS\nA2Ql7VRIPStRXNk/eetTu7uHv4RcxG6h2vCUv3DSiF5pQnJWFTXHoQsyyQKBgCDR\nHEEXNwuTP5tAAU4rC9ptkMIJAKgAe1Zz7KfAPcjYsUf81/ul0XLKzbPDuLA6RGsy\nWLSqzwI65UzMqQ7EzNPzyI19T93ZS8fmtGosH8UuctjNiH9NVsUVfccD6A+zPrtl\nNIziQZ5gB66Oz6s6Gud6VmQbjZj9dxiYOx4NxKaBAoGBAOMp0RCCxQR1AT+YC2fu\nN1qXCZkLLyPk8CGwEgPBSYqfo/N8vfFLoe4gkBBAJwrwcTKfQDjzMEeLY7s5nQs4\nZziDIH1TDdMy3n89/o8wj6SHsnH8zBp2JKRkXaRpggluqZ2No+agb2UZMSMXHWqq\nNGs6pCXpteOaWX2UCdQ2sg3F\n-----END PRIVATE KEY-----\n",
            "public_key_fingerprint_md5": "8b:a4:48:6c:d0:cf:5d:84:5a:bc:d3:e8:26:85:bf:b3",
            "public_key_fingerprint_sha256": "SHA256:gGsoLcx6MJBGahw1yKe393t1x7SXG5SWIF1hPNR8YeA",
            "public_key_openssh": "ssh-rsa AAAAB3NzaC1yc2EAAAADAQABAAABAQDoZXVSZcjGrzhxObDFKN930DRTpoTfzEGGmEynTlpFFl0H2HaScizGGbq9cM1J+Kz2L7FFJGe7YYpXu8rBRGwe6Hii29tbmZQqUlpJbS1DySaw1RAwiOiOh+NYMYaoha0W2xMxGw95w9w900WtkoGTlgIQgQwyshEntzsJ5NiniV39e9mzkoX2qpf+j5MTwp2g2xBA4rsGGNMtdj71TZdQA4RcvLTFhdSx4syqARQ0iwCfs9FB6N0omda/mY8On90C27AWCBZksOSWNFNieXBWieZU1edHWrTrqkVIqZ5QtoZ8n9rpNY5oewWjxg+yEEKmNZglFqns0Nl+Q5RzbIot\n",
            "public_key_pem": "-----BEGIN PUBLIC KEY-----\nMIIBIjANBgkqhkiG9w0BAQEFAAOCAQ8AMIIBCgKCAQEA6GV1UmXIxq84cTmwxSjf\nd9A0U6aE38xBhphMp05aRRZdB9h2knIsxhm6vXDNSfis9i+xRSRnu2GKV7vKwURs\nHuh4otvbW5mUKlJaSW0tQ8kmsNUQMIjojofjWDGGqIWtFtsTMRsPecPcPdNFrZKB\nk5YCEIEMMrIRJ7c7CeTYp4ld/XvZs5KF9qqX/o+TE8KdoNsQQOK7BhjTLXY+9U2X\nUAOEXLy0xYXUseLMqgEUNIsAn7PRQejdKJnWv5mPDp/dAtuwFggWZLDkljRTYnlw\nVonmVNXnR1q066pFSKmeULaGfJ/a6TWOaHsFo8YPshBCpjWYJRap7NDZfkOUc2yK\nLQIDAQAB\n-----END PUBLIC KEY-----\n",
            "rsa_bits": 2048
          },
          "sensitive_attributes": []
        }
      ]
    },
    {
      "module": "module.ec2_instance[\"dev\"]",
      "mode": "data",
      "type": "aws_partition",
      "name": "current",
      "provider": "provider[\"registry.terraform.io/hashicorp/aws\"]",
      "instances": [
        {
          "schema_version": 0,
          "attributes": {
            "dns_suffix": "amazonaws.com",
            "id": "aws",
            "partition": "aws",
            "reverse_dns_prefix": "com.amazonaws"
          },
          "sensitive_attributes": []
        }
      ]
    },
    {
      "module": "module.ec2_instance[\"dev\"]",
      "mode": "data",
      "type": "aws_ssm_parameter",
      "name": "this",
      "provider": "provider[\"registry.terraform.io/hashicorp/aws\"]",
      "instances": [
        {
          "index_key": 0,
          "schema_version": 0,
          "attributes": {
            "arn": "arn:aws:ssm:us-east-1::parameter/aws/service/ami-amazon-linux-latest/amzn2-ami-hvm-x86_64-gp2",
            "id": "/aws/service/ami-amazon-linux-latest/amzn2-ami-hvm-x86_64-gp2",
            "name": "/aws/service/ami-amazon-linux-latest/amzn2-ami-hvm-x86_64-gp2",
            "type": "String",
            "value": "ami-0d52ddcdf3a885741",
            "version": 86,
            "with_decryption": true
          },
          "sensitive_attributes": []
        }
      ]
    },
    {
      "module": "module.ec2_instance[\"dev\"]",
      "mode": "managed",
      "type": "aws_instance",
      "name": "this",
      "provider": "provider[\"registry.terraform.io/hashicorp/aws\"]",
      "instances": [
        {
          "index_key": 0,
          "schema_version": 1,
          "attributes": {
            "ami": "ami-0c0b64a9581ada01f",
            "arn": "arn:aws:ec2:us-east-1:247297934540:instance/i-0b679d0f74d0d2b71",
            "associate_public_ip_address": true,
            "availability_zone": "us-east-1a",
            "capacity_reservation_specification": [
              {
                "capacity_reservation_preference": "open",
                "capacity_reservation_target": []
              }
            ],
            "cpu_core_count": 1,
            "cpu_options": [
              {
                "amd_sev_snp": "",
                "core_count": 1,
                "threads_per_core": 2
              }
            ],
            "cpu_threads_per_core": 2,
            "credit_specification": [
              {
                "cpu_credits": "unlimited"
              }
            ],
            "disable_api_stop": false,
            "disable_api_termination": false,
            "ebs_block_device": [],
            "ebs_optimized": false,
            "enclave_options": [
              {
                "enabled": false
              }
            ],
            "ephemeral_block_device": [],
            "get_password_data": false,
            "hibernation": false,
            "host_id": "",
            "host_resource_group_arn": null,
            "iam_instance_profile": "",
            "id": "i-0b679d0f74d0d2b71",
            "instance_initiated_shutdown_behavior": "stop",
            "instance_state": "running",
            "instance_type": "t3.micro",
            "ipv6_address_count": 0,
            "ipv6_addresses": [],
            "key_name": "keypair1",
            "launch_template": [],
            "maintenance_options": [
              {
                "auto_recovery": "default"
              }
            ],
            "metadata_options": [
              {
                "http_endpoint": "enabled",
                "http_put_response_hop_limit": 1,
                "http_tokens": "optional",
                "instance_metadata_tags": "disabled"
              }
            ],
            "monitoring": true,
            "network_interface": [],
            "outpost_arn": "",
            "password_data": "",
            "placement_group": "",
            "placement_partition_number": 0,
            "primary_network_interface_id": "eni-0b9c59c60d0e257ca",
            "private_dns": "ip-172-31-93-204.ec2.internal",
            "private_dns_name_options": [
              {
                "enable_resource_name_dns_a_record": false,
                "enable_resource_name_dns_aaaa_record": false,
                "hostname_type": "ip-name"
              }
            ],
            "private_ip": "172.31.93.204",
            "public_dns": "ec2-44-201-250-24.compute-1.amazonaws.com",
            "public_ip": "44.201.250.24",
            "root_block_device": [
              {
                "delete_on_termination": true,
                "device_name": "/dev/xvda",
                "encrypted": false,
                "iops": 0,
                "kms_key_id": "",
                "tags": {},
                "throughput": 0,
                "volume_id": "vol-0fa97428c5a100e09",
                "volume_size": 8,
                "volume_type": "standard"
              }
            ],
            "secondary_private_ips": [],
            "security_groups": [
              "ansible-Web-SG"
            ],
            "source_dest_check": true,
            "subnet_id": "subnet-02c582f678a0b306f",
            "tags": {
              "Environment": "dev",
              "Name": "dev-instance",
              "Terraform": "true"
            },
            "tags_all": {
              "Environment": "dev",
              "Name": "dev-instance",
              "Terraform": "true"
            },
            "tenancy": "default",
            "timeouts": {
              "create": null,
              "delete": null,
              "update": null
            },
            "user_data": "",
            "user_data_base64": null,
            "user_data_replace_on_change": false,
            "volume_tags": {
              "Name": "dev-instance"
            },
            "vpc_security_group_ids": [
              "sg-06762f13cf13504c5"
            ]
          },
          "sensitive_attributes": [],
          "private": "eyJlMmJmYjczMC1lY2FhLTExZTYtOGY4OC0zNDM2M2JjN2M0YzAiOnsiY3JlYXRlIjo2MDAwMDAwMDAwMDAsImRlbGV0ZSI6MTIwMDAwMDAwMDAwMCwidXBkYXRlIjo2MDAwMDAwMDAwMDB9LCJzY2hlbWFfdmVyc2lvbiI6IjEifQ==",
          "dependencies": [
            "aws_default_vpc.default_vpc",
            "aws_key_pair.ec2_key",
            "aws_security_group.web-sg",
            "data.aws_ami.amazon-2",
            "module.ec2_instance.aws_iam_instance_profile.this",
            "module.ec2_instance.data.aws_ssm_parameter.this",
            "tls_private_key.ec2_key"
          ]
        }
      ]
    },
    {
      "module": "module.ec2_instance[\"master\"]",
      "mode": "data",
      "type": "aws_partition",
      "name": "current",
      "provider": "provider[\"registry.terraform.io/hashicorp/aws\"]",
      "instances": [
        {
          "schema_version": 0,
          "attributes": {
            "dns_suffix": "amazonaws.com",
            "id": "aws",
            "partition": "aws",
            "reverse_dns_prefix": "com.amazonaws"
          },
          "sensitive_attributes": []
        }
      ]
    },
    {
      "module": "module.ec2_instance[\"master\"]",
      "mode": "data",
      "type": "aws_ssm_parameter",
      "name": "this",
      "provider": "provider[\"registry.terraform.io/hashicorp/aws\"]",
      "instances": [
        {
          "index_key": 0,
          "schema_version": 0,
          "attributes": {
            "arn": "arn:aws:ssm:us-east-1::parameter/aws/service/ami-amazon-linux-latest/amzn2-ami-hvm-x86_64-gp2",
            "id": "/aws/service/ami-amazon-linux-latest/amzn2-ami-hvm-x86_64-gp2",
            "name": "/aws/service/ami-amazon-linux-latest/amzn2-ami-hvm-x86_64-gp2",
            "type": "String",
            "value": "ami-0d52ddcdf3a885741",
            "version": 86,
            "with_decryption": true
          },
          "sensitive_attributes": []
        }
      ]
    },
    {
      "module": "module.ec2_instance[\"master\"]",
      "mode": "managed",
      "type": "aws_instance",
      "name": "this",
      "provider": "provider[\"registry.terraform.io/hashicorp/aws\"]",
      "instances": [
        {
          "index_key": 0,
          "schema_version": 1,
          "attributes": {
            "ami": "ami-0c0b64a9581ada01f",
            "arn": "arn:aws:ec2:us-east-1:247297934540:instance/i-0e57fe9d9566483b5",
            "associate_public_ip_address": true,
            "availability_zone": "us-east-1a",
            "capacity_reservation_specification": [
              {
                "capacity_reservation_preference": "open",
                "capacity_reservation_target": []
              }
            ],
            "cpu_core_count": 1,
            "cpu_options": [
              {
                "amd_sev_snp": "",
                "core_count": 1,
                "threads_per_core": 2
              }
            ],
            "cpu_threads_per_core": 2,
            "credit_specification": [
              {
                "cpu_credits": "unlimited"
              }
            ],
            "disable_api_stop": false,
            "disable_api_termination": false,
            "ebs_block_device": [],
            "ebs_optimized": false,
            "enclave_options": [
              {
                "enabled": false
              }
            ],
            "ephemeral_block_device": [],
            "get_password_data": false,
            "hibernation": false,
            "host_id": "",
            "host_resource_group_arn": null,
            "iam_instance_profile": "",
            "id": "i-0e57fe9d9566483b5",
            "instance_initiated_shutdown_behavior": "stop",
            "instance_state": "running",
            "instance_type": "t3.micro",
            "ipv6_address_count": 0,
            "ipv6_addresses": [],
            "key_name": "keypair1",
            "launch_template": [],
            "maintenance_options": [
              {
                "auto_recovery": "default"
              }
            ],
            "metadata_options": [
              {
                "http_endpoint": "enabled",
                "http_put_response_hop_limit": 1,
                "http_tokens": "optional",
                "instance_metadata_tags": "disabled"
              }
            ],
            "monitoring": true,
            "network_interface": [],
            "outpost_arn": "",
            "password_data": "",
            "placement_group": "",
            "placement_partition_number": 0,
            "primary_network_interface_id": "eni-0a1dbef7078ea7f81",
            "private_dns": "ip-172-31-87-237.ec2.internal",
            "private_dns_name_options": [
              {
                "enable_resource_name_dns_a_record": false,
                "enable_resource_name_dns_aaaa_record": false,
                "hostname_type": "ip-name"
              }
            ],
            "private_ip": "172.31.87.237",
            "public_dns": "ec2-44-203-136-99.compute-1.amazonaws.com",
            "public_ip": "44.203.136.99",
            "root_block_device": [
              {
                "delete_on_termination": true,
                "device_name": "/dev/xvda",
                "encrypted": false,
                "iops": 0,
                "kms_key_id": "",
                "tags": {},
                "throughput": 0,
                "volume_id": "vol-05544e6d66d312f4d",
                "volume_size": 8,
                "volume_type": "standard"
              }
            ],
            "secondary_private_ips": [],
            "security_groups": [
              "ansible-Web-SG"
            ],
            "source_dest_check": true,
            "subnet_id": "subnet-02c582f678a0b306f",
            "tags": {
              "Environment": "master",
              "Name": "master-instance",
              "Terraform": "true"
            },
            "tags_all": {
              "Environment": "master",
              "Name": "master-instance",
              "Terraform": "true"
            },
            "tenancy": "default",
            "timeouts": {
              "create": null,
              "delete": null,
              "update": null
            },
            "user_data": "7fc867e54fefbef2435ad63ffcf95c9280a72c94",
            "user_data_base64": null,
            "user_data_replace_on_change": false,
            "volume_tags": {
              "Name": "master-instance"
            },
            "vpc_security_group_ids": [
              "sg-06762f13cf13504c5"
            ]
          },
          "sensitive_attributes": [],
          "private": "eyJlMmJmYjczMC1lY2FhLTExZTYtOGY4OC0zNDM2M2JjN2M0YzAiOnsiY3JlYXRlIjo2MDAwMDAwMDAwMDAsImRlbGV0ZSI6MTIwMDAwMDAwMDAwMCwidXBkYXRlIjo2MDAwMDAwMDAwMDB9LCJzY2hlbWFfdmVyc2lvbiI6IjEifQ==",
          "dependencies": [
            "aws_default_vpc.default_vpc",
            "aws_key_pair.ec2_key",
            "aws_security_group.web-sg",
            "data.aws_ami.amazon-2",
            "module.ec2_instance.aws_iam_instance_profile.this",
            "module.ec2_instance.data.aws_ssm_parameter.this",
            "tls_private_key.ec2_key"
          ]
        }
      ]
    },
    {
      "module": "module.ec2_instance[\"qa\"]",
      "mode": "data",
      "type": "aws_partition",
      "name": "current",
      "provider": "provider[\"registry.terraform.io/hashicorp/aws\"]",
      "instances": [
        {
          "schema_version": 0,
          "attributes": {
            "dns_suffix": "amazonaws.com",
            "id": "aws",
            "partition": "aws",
            "reverse_dns_prefix": "com.amazonaws"
          },
          "sensitive_attributes": []
        }
      ]
    },
    {
      "module": "module.ec2_instance[\"qa\"]",
      "mode": "data",
      "type": "aws_ssm_parameter",
      "name": "this",
      "provider": "provider[\"registry.terraform.io/hashicorp/aws\"]",
      "instances": [
        {
          "index_key": 0,
          "schema_version": 0,
          "attributes": {
            "arn": "arn:aws:ssm:us-east-1::parameter/aws/service/ami-amazon-linux-latest/amzn2-ami-hvm-x86_64-gp2",
            "id": "/aws/service/ami-amazon-linux-latest/amzn2-ami-hvm-x86_64-gp2",
            "name": "/aws/service/ami-amazon-linux-latest/amzn2-ami-hvm-x86_64-gp2",
            "type": "String",
            "value": "ami-0d52ddcdf3a885741",
            "version": 86,
            "with_decryption": true
          },
          "sensitive_attributes": []
        }
      ]
    },
    {
      "module": "module.ec2_instance[\"qa\"]",
      "mode": "managed",
      "type": "aws_instance",
      "name": "this",
      "provider": "provider[\"registry.terraform.io/hashicorp/aws\"]",
      "instances": [
        {
          "index_key": 0,
          "schema_version": 1,
          "attributes": {
            "ami": "ami-0c0b64a9581ada01f",
            "arn": "arn:aws:ec2:us-east-1:247297934540:instance/i-0d942506c57a504e5",
            "associate_public_ip_address": true,
            "availability_zone": "us-east-1d",
            "capacity_reservation_specification": [
              {
                "capacity_reservation_preference": "open",
                "capacity_reservation_target": []
              }
            ],
            "cpu_core_count": 1,
            "cpu_options": [
              {
                "amd_sev_snp": "",
                "core_count": 1,
                "threads_per_core": 2
              }
            ],
            "cpu_threads_per_core": 2,
            "credit_specification": [
              {
                "cpu_credits": "unlimited"
              }
            ],
            "disable_api_stop": false,
            "disable_api_termination": false,
            "ebs_block_device": [],
            "ebs_optimized": false,
            "enclave_options": [
              {
                "enabled": false
              }
            ],
            "ephemeral_block_device": [],
            "get_password_data": false,
            "hibernation": false,
            "host_id": "",
            "host_resource_group_arn": null,
            "iam_instance_profile": "",
            "id": "i-0d942506c57a504e5",
            "instance_initiated_shutdown_behavior": "stop",
            "instance_state": "running",
            "instance_type": "t3.small",
            "ipv6_address_count": 0,
            "ipv6_addresses": [],
            "key_name": "keypair1",
            "launch_template": [],
            "maintenance_options": [
              {
                "auto_recovery": "default"
              }
            ],
            "metadata_options": [
              {
                "http_endpoint": "enabled",
                "http_put_response_hop_limit": 1,
                "http_tokens": "optional",
                "instance_metadata_tags": "disabled"
              }
            ],
            "monitoring": true,
            "network_interface": [],
            "outpost_arn": "",
            "password_data": "",
            "placement_group": "",
            "placement_partition_number": 0,
            "primary_network_interface_id": "eni-0a5bd7d5e9e126760",
            "private_dns": "ip-172-31-14-139.ec2.internal",
            "private_dns_name_options": [
              {
                "enable_resource_name_dns_a_record": false,
                "enable_resource_name_dns_aaaa_record": false,
                "hostname_type": "ip-name"
              }
            ],
            "private_ip": "172.31.14.139",
            "public_dns": "ec2-44-198-50-253.compute-1.amazonaws.com",
            "public_ip": "44.198.50.253",
            "root_block_device": [
              {
                "delete_on_termination": true,
                "device_name": "/dev/xvda",
                "encrypted": false,
                "iops": 0,
                "kms_key_id": "",
                "tags": {},
                "throughput": 0,
                "volume_id": "vol-09703ea782dd0e304",
                "volume_size": 8,
                "volume_type": "standard"
              }
            ],
            "secondary_private_ips": [],
            "security_groups": [
              "ansible-Web-SG"
            ],
            "source_dest_check": true,
            "subnet_id": "subnet-0bec7cad5951e11c2",
            "tags": {
              "Environment": "qa",
              "Name": "qa-instance",
              "Terraform": "true"
            },
            "tags_all": {
              "Environment": "qa",
              "Name": "qa-instance",
              "Terraform": "true"
            },
            "tenancy": "default",
            "timeouts": {
              "create": null,
              "delete": null,
              "update": null
            },
            "user_data": "",
            "user_data_base64": null,
            "user_data_replace_on_change": false,
            "volume_tags": {
              "Name": "qa-instance"
            },
            "vpc_security_group_ids": [
              "sg-06762f13cf13504c5"
            ]
          },
          "sensitive_attributes": [],
          "private": "eyJlMmJmYjczMC1lY2FhLTExZTYtOGY4OC0zNDM2M2JjN2M0YzAiOnsiY3JlYXRlIjo2MDAwMDAwMDAwMDAsImRlbGV0ZSI6MTIwMDAwMDAwMDAwMCwidXBkYXRlIjo2MDAwMDAwMDAwMDB9LCJzY2hlbWFfdmVyc2lvbiI6IjEifQ==",
          "dependencies": [
            "aws_default_vpc.default_vpc",
            "aws_key_pair.ec2_key",
            "aws_security_group.web-sg",
            "data.aws_ami.amazon-2",
            "module.ec2_instance.aws_iam_instance_profile.this",
            "module.ec2_instance.data.aws_ssm_parameter.this",
            "tls_private_key.ec2_key"
          ]
        }
      ]
    }
  ],
  "check_results": null
}
